{
  "requires": true,
  "lockfileVersion": 1,
  "dependencies": {
    "@ionic-native/app-availability": {
      "version": "5.9.0",
      "resolved": "https://registry.npmjs.org/@ionic-native/app-availability/-/app-availability-5.9.0.tgz",
      "integrity": "sha512-A+hMmEmW/kADGzVUOKbXl42cCEGrQqo/4Ut0ii2EHPjjQeNvXYkhlzjKMLfGnuKO2CpUtXX4okTHMS4c8s7/2w==",
      "requires": {
        "@types/cordova": "^0.0.34"
      }
    },
    "@ionic-native/app-launcher": {
      "version": "5.11.0",
      "resolved": "https://registry.npmjs.org/@ionic-native/app-launcher/-/app-launcher-5.11.0.tgz",
      "integrity": "sha512-41aIcgYK77JPDUpgh6oEFf3hGoYTrco/wCdgheM9GkDHJVMenH6KD4cy1OQpQ0OkblBt+X7XZKtbEzrXxhrP/g==",
      "requires": {
        "@types/cordova": "^0.0.34"
      }
    },
    "@ionic-native/device": {
      "version": "5.9.0",
      "resolved": "https://registry.npmjs.org/@ionic-native/device/-/device-5.9.0.tgz",
      "integrity": "sha512-1A129PducifsZBxnUEeazchRSvEXFwXlaNMRJi5UE65VO6bEUfCfs1AvnNLOUhYXf3ZR38TrtZMBxF285nfhjw==",
      "requires": {
        "@types/cordova": "^0.0.34"
      }
    },
    "@ionic-native/wheel-selector": {
      "version": "5.8.0",
      "resolved": "https://registry.npmjs.org/@ionic-native/wheel-selector/-/wheel-selector-5.8.0.tgz",
      "integrity": "sha512-/WDVDhKCm5Uj62Vw9XyY833KxjpRis//5dVZEdMVUU7cIZF0iJxkhC6iEIBgxcqVoxNR6W3poZhAfOhMxB56xQ==",
      "requires": {
        "@types/cordova": "^0.0.34"
      }
    },
    "@mobiscroll/angular-lite": {
      "version": "4.7.2",
      "resolved": "https://registry.npmjs.org/@mobiscroll/angular-lite/-/angular-lite-4.7.2.tgz",
      "integrity": "sha512-U5HOHvH2MDqqM5o/cRtt+T6hHbNyXoCuSnJt221I4hznsEnIsGmhk/DRMlwcI65qbFNQmY37Pv1f7n7ZXqH8uw=="
    },
    "@types/cordova": {
      "version": "0.0.34",
      "resolved": "https://registry.npmjs.org/@types/cordova/-/cordova-0.0.34.tgz",
      "integrity": "sha1-6nrd907Ow9dimCegw54smt3HPQQ="
    }
  }
}
