{
  "requires": true,
  "lockfileVersion": 1,
  "dependencies": {
    "@ionic-native/wheel-selector": {
      "version": "5.8.0",
      "resolved": "https://registry.npmjs.org/@ionic-native/wheel-selector/-/wheel-selector-5.8.0.tgz",
      "integrity": "sha512-/WDVDhKCm5Uj62Vw9XyY833KxjpRis//5dVZEdMVUU7cIZF0iJxkhC6iEIBgxcqVoxNR6W3poZhAfOhMxB56xQ==",
      "requires": {
        "@types/cordova": "^0.0.34"
      }
    },
    "@types/cordova": {
      "version": "0.0.34",
      "resolved": "https://registry.npmjs.org/@types/cordova/-/cordova-0.0.34.tgz",
      "integrity": "sha1-6nrd907Ow9dimCegw54smt3HPQQ="
    }
  }
}
